
Microsoft Visual Studio Solution File, Format Version 12.00
# Visual Studio Version 17
VisualStudioVersion = 17.14.36603.0
MinimumVisualStudioVersion = 10.0.40219.1
Project("{FAE04EC0-301F-11D3-BF4B-00C04F79EFBC}") = "FinanceManagement", "FinanceManagement.csproj", "{F8CC824A-F5C7-485C-9CA6-F08D11948EEC}"
EndProject
Global
	GlobalSection(SolutionConfigurationPlatforms) = preSolution
		Debug|Any CPU = Debug|Any CPU
		Release|Any CPU = Release|Any CPU
	EndGlobalSection
	GlobalSection(ProjectConfigurationPlatforms) = postSolution
		{F8CC824A-F5C7-485C-9CA6-F08D11948EEC}.Debug|Any CPU.ActiveCfg = Debug|Any CPU
		{F8CC824A-F5C7-485C-9CA6-F08D11948EEC}.Debug|Any CPU.Build.0 = Debug|Any CPU
		{F8CC824A-F5C7-485C-9CA6-F08D11948EEC}.Release|Any CPU.ActiveCfg = Release|Any CPU
		{F8CC824A-F5C7-485C-9CA6-F08D11948EEC}.Release|Any CPU.Build.0 = Release|Any CPU
	EndGlobalSection
	GlobalSection(SolutionProperties) = preSolution
		HideSolutionNode = FALSE
	EndGlobalSection
	GlobalSection(ExtensibilityGlobals) = postSolution
		SolutionGuid = {56676749-B5E6-4F98-84C5-C286E73D2BE4}
	EndGlobalSection
EndGlobal
